{
  "name": "brainblocks.js",
  "version": "1.0.20",
  "lockfileVersion": 3,
  "requires": true,
  "packages": {
    "": {
      "name": "brainblocks.js",
      "version": "1.0.20",
      "license": "ISC",
      "dependencies": {
        "brainblocks.js": "^1.0.19"
      }
    },
    "node_modules/brainblocks.js": {
      "version": "1.0.19",
      "resolved": "https://registry.npmjs.org/brainblocks.js/-/brainblocks.js-1.0.19.tgz",
      "integrity": "sha512-wgijTAWY3aR7tN6AUXho2GULdduU+TRnLbflX/ImGTEgokoSySSwOswxN+biIeV3cSWWaSE4Vp5H+/e2C0Ka5Q==",
      "license": "ISC",
      "dependencies": {
        "brainblocks.js": "^1.0.18"
      }
    }
  }
}
