{
  "name": "brainblocks.js",
  "version": "1.0.21",
  "lockfileVersion": 3,
  "requires": true,
  "packages": {
    "": {
      "name": "brainblocks.js",
      "version": "1.0.21",
      "license": "ISC",
      "dependencies": {
        "brainblocks.js": "^1.0.21"
      }
    },
    "node_modules/brainblocks.js": {
      "version": "1.0.21",
      "resolved": "https://registry.npmjs.org/brainblocks.js/-/brainblocks.js-1.0.21.tgz",
      "integrity": "sha512-XgMC2ogvRK3hPPsNvl7nX8CDSxNyxKrwj8L/HIxkUoEH8iGGYpVCfXME1SYJN7MjRr5XH5zVEKQDe05iQfGjOw==",
      "license": "ISC",
      "dependencies": {
        "brainblocks.js": "^1.0.20"
      }
    }
  }
}
